
Microsoft Visual Studio Solution File, Format Version 12.00
# Visual Studio Version 17
VisualStudioVersion = 17.0.31903.59
MinimumVisualStudioVersion = 10.0.40219.1
Project("{2150E333-8FDC-42A3-9474-1A3956D46DE8}") = "src", "src", "{BF43CB19-F261-474B-8534-ACCC592D38F5}"
EndProject
Project("{FAE04EC0-301F-11D3-BF4B-00C04F79EFBC}") = "TicTacToe", "src\TicTacToe\TicTacToe.csproj", "{BDABBDF6-53C2-47A4-AF8B-02CC0A564DA1}"
EndProject
Project("{2150E333-8FDC-42A3-9474-1A3956D46DE8}") = "tests", "tests", "{AF65F524-AAF7-435C-BD39-E954B9ABAFC0}"
EndProject
Project("{FAE04EC0-301F-11D3-BF4B-00C04F79EFBC}") = "TicTacToe.Tests", "tests\TicTacToe.Tests\TicTacToe.Tests.csproj", "{597D4720-CEFC-46A2-A755-9D92A24FCF77}"
EndProject
Global
	GlobalSection(SolutionConfigurationPlatforms) = preSolution
		Debug|Any CPU = Debug|Any CPU
		Release|Any CPU = Release|Any CPU
	EndGlobalSection
	GlobalSection(SolutionProperties) = preSolution
		HideSolutionNode = FALSE
	EndGlobalSection
	GlobalSection(ProjectConfigurationPlatforms) = postSolution
		{BDABBDF6-53C2-47A4-AF8B-02CC0A564DA1}.Debug|Any CPU.ActiveCfg = Debug|Any CPU
		{BDABBDF6-53C2-47A4-AF8B-02CC0A564DA1}.Debug|Any CPU.Build.0 = Debug|Any CPU
		{BDABBDF6-53C2-47A4-AF8B-02CC0A564DA1}.Release|Any CPU.ActiveCfg = Release|Any CPU
		{BDABBDF6-53C2-47A4-AF8B-02CC0A564DA1}.Release|Any CPU.Build.0 = Release|Any CPU
		{597D4720-CEFC-46A2-A755-9D92A24FCF77}.Debug|Any CPU.ActiveCfg = Debug|Any CPU
		{597D4720-CEFC-46A2-A755-9D92A24FCF77}.Debug|Any CPU.Build.0 = Debug|Any CPU
		{597D4720-CEFC-46A2-A755-9D92A24FCF77}.Release|Any CPU.ActiveCfg = Release|Any CPU
		{597D4720-CEFC-46A2-A755-9D92A24FCF77}.Release|Any CPU.Build.0 = Release|Any CPU
	EndGlobalSection
	GlobalSection(NestedProjects) = preSolution
		{BDABBDF6-53C2-47A4-AF8B-02CC0A564DA1} = {BF43CB19-F261-474B-8534-ACCC592D38F5}
		{597D4720-CEFC-46A2-A755-9D92A24FCF77} = {AF65F524-AAF7-435C-BD39-E954B9ABAFC0}
	EndGlobalSection
EndGlobal
